
Microsoft Visual Studio Solution File, Format Version 12.00
# Visual Studio 15
VisualStudioVersion = 15.0.27004.2006
MinimumVisualStudioVersion = 10.0.40219.1
Project("{FAE04EC0-301F-11D3-BF4B-00C04F79EFBC}") = "NLogging", "NLogging\NLogging.csproj", "{0B2FA366-4F41-4393-8C2E-D2602FC17327}"
EndProject
Project("{FAE04EC0-301F-11D3-BF4B-00C04F79EFBC}") = "LogTester", "LogTester\LogTester.csproj", "{8DFAEC06-EBFA-497B-90A0-43F3F28B814D}"
EndProject
Project("{FAE04EC0-301F-11D3-BF4B-00C04F79EFBC}") = "Logging4Net", "Logging4Net\Logging4Net.csproj", "{187F1242-9E58-42D2-9ECA-C7F3D71F32BB}"
EndProject
Project("{FAE04EC0-301F-11D3-BF4B-00C04F79EFBC}") = "Serilogger", "Serilogger\Serilogger.csproj", "{DA3D1651-AF09-4F6C-B329-D23915B28785}"
EndProject
Project("{FAE04EC0-301F-11D3-BF4B-00C04F79EFBC}") = "LogTesterWithUI", "LogTesterWithUI\LogTesterWithUI.csproj", "{B9F87C9B-CE81-485B-ADD4-D980F134ACEE}"
EndProject
Global
	GlobalSection(SolutionConfigurationPlatforms) = preSolution
		Debug|Any CPU = Debug|Any CPU
		Release|Any CPU = Release|Any CPU
	EndGlobalSection
	GlobalSection(ProjectConfigurationPlatforms) = postSolution
		{0B2FA366-4F41-4393-8C2E-D2602FC17327}.Debug|Any CPU.ActiveCfg = Debug|Any CPU
		{0B2FA366-4F41-4393-8C2E-D2602FC17327}.Debug|Any CPU.Build.0 = Debug|Any CPU
		{0B2FA366-4F41-4393-8C2E-D2602FC17327}.Release|Any CPU.ActiveCfg = Release|Any CPU
		{0B2FA366-4F41-4393-8C2E-D2602FC17327}.Release|Any CPU.Build.0 = Release|Any CPU
		{8DFAEC06-EBFA-497B-90A0-43F3F28B814D}.Debug|Any CPU.ActiveCfg = Debug|Any CPU
		{8DFAEC06-EBFA-497B-90A0-43F3F28B814D}.Debug|Any CPU.Build.0 = Debug|Any CPU
		{8DFAEC06-EBFA-497B-90A0-43F3F28B814D}.Release|Any CPU.ActiveCfg = Release|Any CPU
		{8DFAEC06-EBFA-497B-90A0-43F3F28B814D}.Release|Any CPU.Build.0 = Release|Any CPU
		{187F1242-9E58-42D2-9ECA-C7F3D71F32BB}.Debug|Any CPU.ActiveCfg = Debug|Any CPU
		{187F1242-9E58-42D2-9ECA-C7F3D71F32BB}.Debug|Any CPU.Build.0 = Debug|Any CPU
		{187F1242-9E58-42D2-9ECA-C7F3D71F32BB}.Release|Any CPU.ActiveCfg = Release|Any CPU
		{187F1242-9E58-42D2-9ECA-C7F3D71F32BB}.Release|Any CPU.Build.0 = Release|Any CPU
		{DA3D1651-AF09-4F6C-B329-D23915B28785}.Debug|Any CPU.ActiveCfg = Debug|Any CPU
		{DA3D1651-AF09-4F6C-B329-D23915B28785}.Debug|Any CPU.Build.0 = Debug|Any CPU
		{DA3D1651-AF09-4F6C-B329-D23915B28785}.Release|Any CPU.ActiveCfg = Release|Any CPU
		{DA3D1651-AF09-4F6C-B329-D23915B28785}.Release|Any CPU.Build.0 = Release|Any CPU
		{B9F87C9B-CE81-485B-ADD4-D980F134ACEE}.Debug|Any CPU.ActiveCfg = Debug|Any CPU
		{B9F87C9B-CE81-485B-ADD4-D980F134ACEE}.Debug|Any CPU.Build.0 = Debug|Any CPU
		{B9F87C9B-CE81-485B-ADD4-D980F134ACEE}.Release|Any CPU.ActiveCfg = Release|Any CPU
		{B9F87C9B-CE81-485B-ADD4-D980F134ACEE}.Release|Any CPU.Build.0 = Release|Any CPU
	EndGlobalSection
	GlobalSection(SolutionProperties) = preSolution
		HideSolutionNode = FALSE
	EndGlobalSection
	GlobalSection(ExtensibilityGlobals) = postSolution
		SolutionGuid = {A1810AF5-2EBC-485B-A834-27AAD2CA0877}
	EndGlobalSection
EndGlobal
